// !$*UTF8*$!
{
	archiveVersion = 1;
	classes = {
	};
	objectVersion = 56;
	objects = {

/* Begin PBXBuildFile section */
		B40EE1452A5E737100EE5BCD /* GoogleSignIn in Frameworks */ = {isa = PBXBuildFile; productRef = B40EE1442A5E737100EE5BCD /* GoogleSignIn */; };
		B40EE1472A5E737100EE5BCD /* GoogleSignInSwift in Frameworks */ = {isa = PBXBuildFile; productRef = B40EE1462A5E737100EE5BCD /* GoogleSignInSwift */; };
		B40EE1492A5E737100EE5BCD /* GoogleAPIClientForREST_Calendar in Frameworks */ = {isa = PBXBuildFile; productRef = B40EE1482A5E737100EE5BCD /* GoogleAPIClientForREST_Calendar */; };
		B40EE14B2A5E737100EE5BCD /* GTMSessionFetcher in Frameworks */ = {isa = PBXBuildFile; productRef = B40EE14A2A5E737100EE5BCD /* GTMSessionFetcher */; };
		B40EE14D2A5E737100EE5BCD /* GTMSessionFetcherCore in Frameworks */ = {isa = PBXBuildFile; productRef = B40EE14C2A5E737100EE5BCD /* GTMSessionFetcherCore */; };
		B40EE14F2A5E737100EE5BCD /* GTMSessionFetcherFull in Frameworks */ = {isa = PBXBuildFile; productRef = B40EE14E2A5E737100EE5BCD /* GTMSessionFetcherFull */; };
		B434A5E12A23D91B001D81E8 /* Nutq.swift in Sources */ = {isa = PBXBuildFile; fileRef = B434A5E02A23D91B001D81E8 /* Nutq.swift */; };
		B434A5E32A23D91B001D81E8 /* NutqContentView.swift in Sources */ = {isa = PBXBuildFile; fileRef = B434A5E22A23D91B001D81E8 /* NutqContentView.swift */; };
		B434A5E52A23D91D001D81E8 /* Assets.xcassets in Resources */ = {isa = PBXBuildFile; fileRef = B434A5E42A23D91D001D81E8 /* Assets.xcassets */; };
		B434A5E82A23D91D001D81E8 /* Preview Assets.xcassets in Resources */ = {isa = PBXBuildFile; fileRef = B434A5E72A23D91D001D81E8 /* Preview Assets.xcassets */; };
		B4415EE72A57D22100725B22 /* GoogleSignIn in Frameworks */ = {isa = PBXBuildFile; productRef = B4415EE62A57D22100725B22 /* GoogleSignIn */; };
		B4415EE92A57D22100725B22 /* GoogleSignInSwift in Frameworks */ = {isa = PBXBuildFile; productRef = B4415EE82A57D22100725B22 /* GoogleSignInSwift */; };
		B4415EEC2A57D5A200725B22 /* GoogleAPIClientForRESTCore in Frameworks */ = {isa = PBXBuildFile; productRef = B4415EEB2A57D5A200725B22 /* GoogleAPIClientForRESTCore */; };
		B4415EF12A59206700725B22 /* GoogleAPIClientForREST_Calendar in Frameworks */ = {isa = PBXBuildFile; productRef = B4415EF02A59206700725B22 /* GoogleAPIClientForREST_Calendar */; };
		B4415EF32A59206A00725B22 /* GoogleSignIn in Frameworks */ = {isa = PBXBuildFile; productRef = B4415EF22A59206A00725B22 /* GoogleSignIn */; };
		B4415EFB2A59208800725B22 /* GoogleSignIn in Frameworks */ = {isa = PBXBuildFile; productRef = B4415EFA2A59208800725B22 /* GoogleSignIn */; };
		B4415EFD2A59208800725B22 /* GoogleAPIClientForREST_Calendar in Frameworks */ = {isa = PBXBuildFile; productRef = B4415EFC2A59208800725B22 /* GoogleAPIClientForREST_Calendar */; };
		B4415F062A5922D000725B22 /* GTMSessionFetcher in Frameworks */ = {isa = PBXBuildFile; productRef = B4415F052A5922D000725B22 /* GTMSessionFetcher */; };
		B4415F082A5922D000725B22 /* GTMSessionFetcherCore in Frameworks */ = {isa = PBXBuildFile; productRef = B4415F072A5922D000725B22 /* GTMSessionFetcherCore */; };
		B4415F0A2A5922D000725B22 /* GTMSessionFetcherFull in Frameworks */ = {isa = PBXBuildFile; productRef = B4415F092A5922D000725B22 /* GTMSessionFetcherFull */; };
		B4415F0C2A5922E500725B22 /* GTMSessionFetcher in Frameworks */ = {isa = PBXBuildFile; productRef = B4415F0B2A5922E500725B22 /* GTMSessionFetcher */; };
		B4415F0E2A5922E500725B22 /* GTMSessionFetcherCore in Frameworks */ = {isa = PBXBuildFile; productRef = B4415F0D2A5922E500725B22 /* GTMSessionFetcherCore */; };
		B4415F102A5922E500725B22 /* GTMSessionFetcherFull in Frameworks */ = {isa = PBXBuildFile; productRef = B4415F0F2A5922E500725B22 /* GTMSessionFetcherFull */; };
		B4415F122A5922EF00725B22 /* GTMSessionFetcher in Frameworks */ = {isa = PBXBuildFile; productRef = B4415F112A5922EF00725B22 /* GTMSessionFetcher */; };
		B4415F142A5922EF00725B22 /* GTMSessionFetcherCore in Frameworks */ = {isa = PBXBuildFile; productRef = B4415F132A5922EF00725B22 /* GTMSessionFetcherCore */; };
		B4415F162A5922EF00725B22 /* GTMSessionFetcherFull in Frameworks */ = {isa = PBXBuildFile; productRef = B4415F152A5922EF00725B22 /* GTMSessionFetcherFull */; };
		B4415F182A59255E00725B22 /* GoogleAPIClientForREST_Calendar in Frameworks */ = {isa = PBXBuildFile; productRef = B4415F172A59255E00725B22 /* GoogleAPIClientForREST_Calendar */; };
		B44F47A32A55084E008C8899 /* WidgetKit.framework in Frameworks */ = {isa = PBXBuildFile; fileRef = B44F47A22A55084E008C8899 /* WidgetKit.framework */; };
		B44F47A52A55084E008C8899 /* SwiftUI.framework in Frameworks */ = {isa = PBXBuildFile; fileRef = B44F47A42A55084E008C8899 /* SwiftUI.framework */; };
		B44F47A82A55084E008C8899 /* NutqWidgetBundle.swift in Sources */ = {isa = PBXBuildFile; fileRef = B44F47A72A55084E008C8899 /* NutqWidgetBundle.swift */; };
		B44F47AC2A55084E008C8899 /* UpcomingWidget.swift in Sources */ = {isa = PBXBuildFile; fileRef = B44F47AB2A55084E008C8899 /* UpcomingWidget.swift */; };
		B44F47AF2A550850008C8899 /* Assets.xcassets in Resources */ = {isa = PBXBuildFile; fileRef = B44F47AE2A550850008C8899 /* Assets.xcassets */; };
		B44F47B12A550850008C8899 /* nutqdarwin_widget.intentdefinition in Sources */ = {isa = PBXBuildFile; fileRef = B44F47AD2A55084E008C8899 /* nutqdarwin_widget.intentdefinition */; };
		B44F47B22A550850008C8899 /* nutqdarwin_widget.intentdefinition in Sources */ = {isa = PBXBuildFile; fileRef = B44F47AD2A55084E008C8899 /* nutqdarwin_widget.intentdefinition */; };
		B44F47BB2A551045008C8899 /* EnvState.swift in Sources */ = {isa = PBXBuildFile; fileRef = B4754ECD2A38019000FB26C0 /* EnvState.swift */; };
		B44F47BC2A551048008C8899 /* SchemeUtil.swift in Sources */ = {isa = PBXBuildFile; fileRef = B4754EE22A3E3C3800FB26C0 /* SchemeUtil.swift */; };
		B44F47BF2A55143E008C8899 /* Time.swift in Sources */ = {isa = PBXBuildFile; fileRef = B44F47BE2A55143E008C8899 /* Time.swift */; };
		B44F47C02A551447008C8899 /* Time.swift in Sources */ = {isa = PBXBuildFile; fileRef = B44F47BE2A55143E008C8899 /* Time.swift */; };
		B44F47C72A5536EC008C8899 /* WidgetKit.framework in Frameworks */ = {isa = PBXBuildFile; fileRef = B44F47A22A55084E008C8899 /* WidgetKit.framework */; };
		B44F47C82A5536EC008C8899 /* SwiftUI.framework in Frameworks */ = {isa = PBXBuildFile; fileRef = B44F47A42A55084E008C8899 /* SwiftUI.framework */; };
		B44F47DA2A565197008C8899 /* UpcomingWidget.swift in Sources */ = {isa = PBXBuildFile; fileRef = B44F47AB2A55084E008C8899 /* UpcomingWidget.swift */; };
		B44F47DB2A5651AF008C8899 /* EnvState.swift in Sources */ = {isa = PBXBuildFile; fileRef = B4754ECD2A38019000FB26C0 /* EnvState.swift */; };
		B44F47DC2A5651AF008C8899 /* Time.swift in Sources */ = {isa = PBXBuildFile; fileRef = B44F47BE2A55143E008C8899 /* Time.swift */; };
		B44F47DD2A5651AF008C8899 /* SchemeUtil.swift in Sources */ = {isa = PBXBuildFile; fileRef = B4754EE22A3E3C3800FB26C0 /* SchemeUtil.swift */; };
		B46D18192A5652D000D886ED /* Assets.xcassets in Resources */ = {isa = PBXBuildFile; fileRef = B44F47AE2A550850008C8899 /* Assets.xcassets */; };
		B46D181A2A5652D300D886ED /* nutqdarwin_widget.intentdefinition in Sources */ = {isa = PBXBuildFile; fileRef = B44F47AD2A55084E008C8899 /* nutqdarwin_widget.intentdefinition */; };
		B46D181B2A5652D900D886ED /* NutqWidgetBundle.swift in Sources */ = {isa = PBXBuildFile; fileRef = B44F47A72A55084E008C8899 /* NutqWidgetBundle.swift */; };
		B46D18262A56546100D886ED /* Scheme.swift in Sources */ = {isa = PBXBuildFile; fileRef = B4754ED52A380DC500FB26C0 /* Scheme.swift */; };
		B46D18272A56546100D886ED /* Time.swift in Sources */ = {isa = PBXBuildFile; fileRef = B44F47BE2A55143E008C8899 /* Time.swift */; };
		B46D18282A56546100D886ED /* NutqContentView.swift in Sources */ = {isa = PBXBuildFile; fileRef = B434A5E22A23D91B001D81E8 /* NutqContentView.swift */; };
		B46D18292A56546100D886ED /* EnvState.swift in Sources */ = {isa = PBXBuildFile; fileRef = B4754ECD2A38019000FB26C0 /* EnvState.swift */; };
		B46D182A2A56546100D886ED /* Union.swift in Sources */ = {isa = PBXBuildFile; fileRef = B4754ED22A380D1C00FB26C0 /* Union.swift */; };
		B46D182B2A56546100D886ED /* Tree.swift in Sources */ = {isa = PBXBuildFile; fileRef = B4754EDD2A38F38000FB26C0 /* Tree.swift */; };
		B46D182C2A56546100D886ED /* Upcoming.swift in Sources */ = {isa = PBXBuildFile; fileRef = B4754EDB2A38F14C00FB26C0 /* Upcoming.swift */; };
		B46D182D2A56546100D886ED /* Sidebar.swift in Sources */ = {isa = PBXBuildFile; fileRef = B4754ECF2A38097800FB26C0 /* Sidebar.swift */; };
		B46D182E2A56546100D886ED /* nutqdarwin_widget.intentdefinition in Sources */ = {isa = PBXBuildFile; fileRef = B44F47AD2A55084E008C8899 /* nutqdarwin_widget.intentdefinition */; };
		B46D182F2A56546100D886ED /* SchemeUtil.swift in Sources */ = {isa = PBXBuildFile; fileRef = B4754EE22A3E3C3800FB26C0 /* SchemeUtil.swift */; };
		B46D18302A56546100D886ED /* Nutq.swift in Sources */ = {isa = PBXBuildFile; fileRef = B434A5E02A23D91B001D81E8 /* Nutq.swift */; };
		B46D18312A56546100D886ED /* Theme.swift in Sources */ = {isa = PBXBuildFile; fileRef = B4754ED72A381E0C00FB26C0 /* Theme.swift */; };
		B46D18322A56546100D886ED /* CalendarView.swift in Sources */ = {isa = PBXBuildFile; fileRef = B4754EE02A3A47D800FB26C0 /* CalendarView.swift */; };
		B46D18372A56546100D886ED /* Preview Assets.xcassets in Resources */ = {isa = PBXBuildFile; fileRef = B434A5E72A23D91D001D81E8 /* Preview Assets.xcassets */; };
		B46D18392A56546100D886ED /* Assets.xcassets in Resources */ = {isa = PBXBuildFile; fileRef = B434A5E42A23D91D001D81E8 /* Assets.xcassets */; };
		B4754ECE2A38019000FB26C0 /* EnvState.swift in Sources */ = {isa = PBXBuildFile; fileRef = B4754ECD2A38019000FB26C0 /* EnvState.swift */; };
		B4754ED02A38097800FB26C0 /* Sidebar.swift in Sources */ = {isa = PBXBuildFile; fileRef = B4754ECF2A38097800FB26C0 /* Sidebar.swift */; };
		B4754ED32A380D1C00FB26C0 /* Union.swift in Sources */ = {isa = PBXBuildFile; fileRef = B4754ED22A380D1C00FB26C0 /* Union.swift */; };
		B4754ED62A380DC500FB26C0 /* Scheme.swift in Sources */ = {isa = PBXBuildFile; fileRef = B4754ED52A380DC500FB26C0 /* Scheme.swift */; };
		B4754ED82A381E0C00FB26C0 /* Theme.swift in Sources */ = {isa = PBXBuildFile; fileRef = B4754ED72A381E0C00FB26C0 /* Theme.swift */; };
		B4754EDC2A38F14C00FB26C0 /* Upcoming.swift in Sources */ = {isa = PBXBuildFile; fileRef = B4754EDB2A38F14C00FB26C0 /* Upcoming.swift */; };
		B4754EDE2A38F38000FB26C0 /* Tree.swift in Sources */ = {isa = PBXBuildFile; fileRef = B4754EDD2A38F38000FB26C0 /* Tree.swift */; };
		B4754EE12A3A47D800FB26C0 /* CalendarView.swift in Sources */ = {isa = PBXBuildFile; fileRef = B4754EE02A3A47D800FB26C0 /* CalendarView.swift */; };
		B4754EE32A3E3C3800FB26C0 /* SchemeUtil.swift in Sources */ = {isa = PBXBuildFile; fileRef = B4754EE22A3E3C3800FB26C0 /* SchemeUtil.swift */; };
		B47F3ED62A9BCEFB00D3CC09 /* TreeView.swift in Sources */ = {isa = PBXBuildFile; fileRef = B47F3ED52A9BCEFB00D3CC09 /* TreeView.swift */; };
		B47F3ED72A9BCEFB00D3CC09 /* TreeView.swift in Sources */ = {isa = PBXBuildFile; fileRef = B47F3ED52A9BCEFB00D3CC09 /* TreeView.swift */; };
		B49946E32A998F30006783E6 /* Auth.swift in Sources */ = {isa = PBXBuildFile; fileRef = B49946E22A998F30006783E6 /* Auth.swift */; };
		B49946E42A998F30006783E6 /* Auth.swift in Sources */ = {isa = PBXBuildFile; fileRef = B49946E22A998F30006783E6 /* Auth.swift */; };
		B49946E62A99A7A0006783E6 /* Proxy.swift in Sources */ = {isa = PBXBuildFile; fileRef = B49946E52A99A7A0006783E6 /* Proxy.swift */; };
		B49946E72A99A7A0006783E6 /* Proxy.swift in Sources */ = {isa = PBXBuildFile; fileRef = B49946E52A99A7A0006783E6 /* Proxy.swift */; };
		B49946E82A99A7A2006783E6 /* Proxy.swift in Sources */ = {isa = PBXBuildFile; fileRef = B49946E52A99A7A0006783E6 /* Proxy.swift */; };
		B49946E92A99A7A2006783E6 /* Proxy.swift in Sources */ = {isa = PBXBuildFile; fileRef = B49946E52A99A7A0006783E6 /* Proxy.swift */; };
		B4A2F82C2A5675140073D472 /* Theme.swift in Sources */ = {isa = PBXBuildFile; fileRef = B4754ED72A381E0C00FB26C0 /* Theme.swift */; };
		B4A2F82D2A5675140073D472 /* Theme.swift in Sources */ = {isa = PBXBuildFile; fileRef = B4754ED72A381E0C00FB26C0 /* Theme.swift */; };
		B4F87EC92A5655F900A6753E /* Nut Q Widget.appex in Embed Foundation Extensions */ = {isa = PBXBuildFile; fileRef = B44F47A02A55084E008C8899 /* Nut Q Widget.appex */; settings = {ATTRIBUTES = (RemoveHeadersOnCopy, ); }; };
		B4F87ECD2A56560100A6753E /* Nut Q Widget.appex in Embed Foundation Extensions */ = {isa = PBXBuildFile; fileRef = B44F47C62A5536EC008C8899 /* Nut Q Widget.appex */; settings = {ATTRIBUTES = (RemoveHeadersOnCopy, ); }; };
/* End PBXBuildFile section */

/* Begin PBXContainerItemProxy section */
		B4F87ECA2A5655F900A6753E /* PBXContainerItemProxy */ = {
			isa = PBXContainerItemProxy;
			containerPortal = B434A5D52A23D91B001D81E8 /* Project object */;
			proxyType = 1;
			remoteGlobalIDString = B44F479F2A55084E008C8899;
			remoteInfo = "nutqdarwin-widget (iOS)";
		};
		B4F87ECE2A56560100A6753E /* PBXContainerItemProxy */ = {
			isa = PBXContainerItemProxy;
			containerPortal = B434A5D52A23D91B001D81E8 /* Project object */;
			proxyType = 1;
			remoteGlobalIDString = B44F47C52A5536EC008C8899;
			remoteInfo = "nutqdarwin-widget (macOS)";
		};
/* End PBXContainerItemProxy section */

/* Begin PBXCopyFilesBuildPhase section */
		B4F87ECC2A5655F900A6753E /* Embed Foundation Extensions */ = {
			isa = PBXCopyFilesBuildPhase;
			buildActionMask = 2147483647;
			dstPath = "";
			dstSubfolderSpec = 13;
			files = (
				B4F87EC92A5655F900A6753E /* Nut Q Widget.appex in Embed Foundation Extensions */,
			);
			name = "Embed Foundation Extensions";
			runOnlyForDeploymentPostprocessing = 0;
		};
		B4F87ED02A56560100A6753E /* Embed Foundation Extensions */ = {
			isa = PBXCopyFilesBuildPhase;
			buildActionMask = 2147483647;
			dstPath = "";
			dstSubfolderSpec = 13;
			files = (
				B4F87ECD2A56560100A6753E /* Nut Q Widget.appex in Embed Foundation Extensions */,
			);
			name = "Embed Foundation Extensions";
			runOnlyForDeploymentPostprocessing = 0;
		};
/* End PBXCopyFilesBuildPhase section */

/* Begin PBXFileReference section */
		B40160AB2A5273F3002DC32B /* README.md */ = {isa = PBXFileReference; lastKnownFileType = net.daringfireball.markdown; path = README.md; sourceTree = "<group>"; };
		B434A5DD2A23D91B001D81E8 /* Nut Q.app */ = {isa = PBXFileReference; explicitFileType = wrapper.application; includeInIndex = 0; path = "Nut Q.app"; sourceTree = BUILT_PRODUCTS_DIR; };
		B434A5E02A23D91B001D81E8 /* Nutq.swift */ = {isa = PBXFileReference; lastKnownFileType = sourcecode.swift; path = Nutq.swift; sourceTree = "<group>"; };
		B434A5E22A23D91B001D81E8 /* NutqContentView.swift */ = {isa = PBXFileReference; lastKnownFileType = sourcecode.swift; path = NutqContentView.swift; sourceTree = "<group>"; };
		B434A5E42A23D91D001D81E8 /* Assets.xcassets */ = {isa = PBXFileReference; lastKnownFileType = folder.assetcatalog; path = Assets.xcassets; sourceTree = "<group>"; };
		B434A5E72A23D91D001D81E8 /* Preview Assets.xcassets */ = {isa = PBXFileReference; lastKnownFileType = folder.assetcatalog; path = "Preview Assets.xcassets"; sourceTree = "<group>"; };
		B434A5E92A23D91D001D81E8 /* nutqdarwin.entitlements */ = {isa = PBXFileReference; lastKnownFileType = text.plist.entitlements; path = nutqdarwin.entitlements; sourceTree = "<group>"; };
		B44F47A02A55084E008C8899 /* Nut Q Widget.appex */ = {isa = PBXFileReference; explicitFileType = "wrapper.app-extension"; includeInIndex = 0; path = "Nut Q Widget.appex"; sourceTree = BUILT_PRODUCTS_DIR; };
		B44F47A22A55084E008C8899 /* WidgetKit.framework */ = {isa = PBXFileReference; lastKnownFileType = wrapper.framework; name = WidgetKit.framework; path = System/Library/Frameworks/WidgetKit.framework; sourceTree = SDKROOT; };
		B44F47A42A55084E008C8899 /* SwiftUI.framework */ = {isa = PBXFileReference; lastKnownFileType = wrapper.framework; name = SwiftUI.framework; path = System/Library/Frameworks/SwiftUI.framework; sourceTree = SDKROOT; };
		B44F47A72A55084E008C8899 /* NutqWidgetBundle.swift */ = {isa = PBXFileReference; lastKnownFileType = sourcecode.swift; path = NutqWidgetBundle.swift; sourceTree = "<group>"; };
		B44F47AB2A55084E008C8899 /* UpcomingWidget.swift */ = {isa = PBXFileReference; lastKnownFileType = sourcecode.swift; path = UpcomingWidget.swift; sourceTree = "<group>"; };
		B44F47AD2A55084E008C8899 /* nutqdarwin_widget.intentdefinition */ = {isa = PBXFileReference; lastKnownFileType = file.intentdefinition; path = nutqdarwin_widget.intentdefinition; sourceTree = "<group>"; };
		B44F47AE2A550850008C8899 /* Assets.xcassets */ = {isa = PBXFileReference; lastKnownFileType = folder.assetcatalog; path = Assets.xcassets; sourceTree = "<group>"; };
		B44F47B02A550850008C8899 /* Info.plist */ = {isa = PBXFileReference; lastKnownFileType = text.plist.xml; path = Info.plist; sourceTree = "<group>"; };
		B44F47BE2A55143E008C8899 /* Time.swift */ = {isa = PBXFileReference; lastKnownFileType = sourcecode.swift; path = Time.swift; sourceTree = "<group>"; };
		B44F47C12A55181E008C8899 /* nutqdarwin-widgetExtension.entitlements */ = {isa = PBXFileReference; lastKnownFileType = text.plist.entitlements; path = "nutqdarwin-widgetExtension.entitlements"; sourceTree = "<group>"; };
		B44F47C62A5536EC008C8899 /* Nut Q Widget.appex */ = {isa = PBXFileReference; explicitFileType = "wrapper.app-extension"; includeInIndex = 0; path = "Nut Q Widget.appex"; sourceTree = BUILT_PRODUCTS_DIR; };
		B46D18402A56546100D886ED /* Nut Q.app */ = {isa = PBXFileReference; explicitFileType = wrapper.application; includeInIndex = 0; path = "Nut Q.app"; sourceTree = BUILT_PRODUCTS_DIR; };
		B4754ECD2A38019000FB26C0 /* EnvState.swift */ = {isa = PBXFileReference; lastKnownFileType = sourcecode.swift; path = EnvState.swift; sourceTree = "<group>"; };
		B4754ECF2A38097800FB26C0 /* Sidebar.swift */ = {isa = PBXFileReference; lastKnownFileType = sourcecode.swift; path = Sidebar.swift; sourceTree = "<group>"; };
		B4754ED22A380D1C00FB26C0 /* Union.swift */ = {isa = PBXFileReference; lastKnownFileType = sourcecode.swift; path = Union.swift; sourceTree = "<group>"; };
		B4754ED52A380DC500FB26C0 /* Scheme.swift */ = {isa = PBXFileReference; lastKnownFileType = sourcecode.swift; path = Scheme.swift; sourceTree = "<group>"; };
		B4754ED72A381E0C00FB26C0 /* Theme.swift */ = {isa = PBXFileReference; lastKnownFileType = sourcecode.swift; path = Theme.swift; sourceTree = "<group>"; };
		B4754EDB2A38F14C00FB26C0 /* Upcoming.swift */ = {isa = PBXFileReference; lastKnownFileType = sourcecode.swift; path = Upcoming.swift; sourceTree = "<group>"; };
		B4754EDD2A38F38000FB26C0 /* Tree.swift */ = {isa = PBXFileReference; lastKnownFileType = sourcecode.swift; path = Tree.swift; sourceTree = "<group>"; };
		B4754EDF2A3A3A1A00FB26C0 /* Info.plist */ = {isa = PBXFileReference; lastKnownFileType = text.plist.xml; path = Info.plist; sourceTree = "<group>"; };
		B4754EE02A3A47D800FB26C0 /* CalendarView.swift */ = {isa = PBXFileReference; lastKnownFileType = sourcecode.swift; path = CalendarView.swift; sourceTree = "<group>"; };
		B4754EE22A3E3C3800FB26C0 /* SchemeUtil.swift */ = {isa = PBXFileReference; lastKnownFileType = sourcecode.swift; path = SchemeUtil.swift; sourceTree = "<group>"; };
		B47F3ED52A9BCEFB00D3CC09 /* TreeView.swift */ = {isa = PBXFileReference; lastKnownFileType = sourcecode.swift; path = TreeView.swift; sourceTree = "<group>"; };
		B49946E22A998F30006783E6 /* Auth.swift */ = {isa = PBXFileReference; lastKnownFileType = sourcecode.swift; path = Auth.swift; sourceTree = "<group>"; };
		B49946E52A99A7A0006783E6 /* Proxy.swift */ = {isa = PBXFileReference; lastKnownFileType = sourcecode.swift; path = Proxy.swift; sourceTree = "<group>"; };
/* End PBXFileReference section */

/* Begin PBXFrameworksBuildPhase section */
		B434A5DA2A23D91B001D81E8 /* Frameworks */ = {
			isa = PBXFrameworksBuildPhase;
			buildActionMask = 2147483647;
			files = (
				B4415F082A5922D000725B22 /* GTMSessionFetcherCore in Frameworks */,
				B4415F062A5922D000725B22 /* GTMSessionFetcher in Frameworks */,
				B4415EEC2A57D5A200725B22 /* GoogleAPIClientForRESTCore in Frameworks */,
				B4415F0A2A5922D000725B22 /* GTMSessionFetcherFull in Frameworks */,
				B4415EE72A57D22100725B22 /* GoogleSignIn in Frameworks */,
				B4415F182A59255E00725B22 /* GoogleAPIClientForREST_Calendar in Frameworks */,
				B4415EE92A57D22100725B22 /* GoogleSignInSwift in Frameworks */,
			);
			runOnlyForDeploymentPostprocessing = 0;
		};
		B44F479D2A55084E008C8899 /* Frameworks */ = {
			isa = PBXFrameworksBuildPhase;
			buildActionMask = 2147483647;
			files = (
				B44F47A52A55084E008C8899 /* SwiftUI.framework in Frameworks */,
				B4415EF32A59206A00725B22 /* GoogleSignIn in Frameworks */,
				B4415EF12A59206700725B22 /* GoogleAPIClientForREST_Calendar in Frameworks */,
				B4415F102A5922E500725B22 /* GTMSessionFetcherFull in Frameworks */,
				B4415F0E2A5922E500725B22 /* GTMSessionFetcherCore in Frameworks */,
				B44F47A32A55084E008C8899 /* WidgetKit.framework in Frameworks */,
				B4415F0C2A5922E500725B22 /* GTMSessionFetcher in Frameworks */,
			);
			runOnlyForDeploymentPostprocessing = 0;
		};
		B44F47C32A5536EC008C8899 /* Frameworks */ = {
			isa = PBXFrameworksBuildPhase;
			buildActionMask = 2147483647;
			files = (
				B44F47C82A5536EC008C8899 /* SwiftUI.framework in Frameworks */,
				B44F47C72A5536EC008C8899 /* WidgetKit.framework in Frameworks */,
				B4415EFB2A59208800725B22 /* GoogleSignIn in Frameworks */,
				B4415F162A5922EF00725B22 /* GTMSessionFetcherFull in Frameworks */,
				B4415F142A5922EF00725B22 /* GTMSessionFetcherCore in Frameworks */,
				B4415EFD2A59208800725B22 /* GoogleAPIClientForREST_Calendar in Frameworks */,
				B4415F122A5922EF00725B22 /* GTMSessionFetcher in Frameworks */,
			);
			runOnlyForDeploymentPostprocessing = 0;
		};
		B46D18332A56546100D886ED /* Frameworks */ = {
			isa = PBXFrameworksBuildPhase;
			buildActionMask = 2147483647;
			files = (
				B40EE1452A5E737100EE5BCD /* GoogleSignIn in Frameworks */,
				B40EE1492A5E737100EE5BCD /* GoogleAPIClientForREST_Calendar in Frameworks */,
				B40EE14D2A5E737100EE5BCD /* GTMSessionFetcherCore in Frameworks */,
				B40EE14F2A5E737100EE5BCD /* GTMSessionFetcherFull in Frameworks */,
				B40EE14B2A5E737100EE5BCD /* GTMSessionFetcher in Frameworks */,
				B40EE1472A5E737100EE5BCD /* GoogleSignInSwift in Frameworks */,
			);
			runOnlyForDeploymentPostprocessing = 0;
		};
/* End PBXFrameworksBuildPhase section */

/* Begin PBXGroup section */
		B434A5D42A23D91B001D81E8 = {
			isa = PBXGroup;
			children = (
				B40160AB2A5273F3002DC32B /* README.md */,
				B44F47BA2A550D8A008C8899 /* shared */,
				B46938732A522CC800143C96 /* nutqdarwin */,
				B44F47A62A55084E008C8899 /* nutqdarwin-widget */,
				B44F47A12A55084E008C8899 /* Frameworks */,
				B434A5DE2A23D91B001D81E8 /* Products */,
			);
			sourceTree = "<group>";
		};
		B434A5DE2A23D91B001D81E8 /* Products */ = {
			isa = PBXGroup;
			children = (
				B434A5DD2A23D91B001D81E8 /* Nut Q.app */,
				B44F47A02A55084E008C8899 /* Nut Q Widget.appex */,
				B44F47C62A5536EC008C8899 /* Nut Q Widget.appex */,
				B46D18402A56546100D886ED /* Nut Q.app */,
			);
			name = Products;
			sourceTree = "<group>";
		};
		B434A5E62A23D91D001D81E8 /* Preview Content */ = {
			isa = PBXGroup;
			children = (
				B434A5E72A23D91D001D81E8 /* Preview Assets.xcassets */,
			);
			path = "Preview Content";
			sourceTree = "<group>";
		};
		B44F47A12A55084E008C8899 /* Frameworks */ = {
			isa = PBXGroup;
			children = (
				B44F47A22A55084E008C8899 /* WidgetKit.framework */,
				B44F47A42A55084E008C8899 /* SwiftUI.framework */,
			);
			name = Frameworks;
			sourceTree = "<group>";
		};
		B44F47A62A55084E008C8899 /* nutqdarwin-widget */ = {
			isa = PBXGroup;
			children = (
				B44F47A72A55084E008C8899 /* NutqWidgetBundle.swift */,
				B44F47AB2A55084E008C8899 /* UpcomingWidget.swift */,
				B44F47AD2A55084E008C8899 /* nutqdarwin_widget.intentdefinition */,
				B44F47AE2A550850008C8899 /* Assets.xcassets */,
				B44F47C12A55181E008C8899 /* nutqdarwin-widgetExtension.entitlements */,
				B44F47B02A550850008C8899 /* Info.plist */,
			);
			path = "nutqdarwin-widget";
			sourceTree = "<group>";
		};
		B44F47BA2A550D8A008C8899 /* shared */ = {
			isa = PBXGroup;
			children = (
				B44F47BD2A551432008C8899 /* util */,
				B4D693BE2A37FFAA00E94D23 /* state */,
			);
			path = shared;
			sourceTree = "<group>";
		};
		B44F47BD2A551432008C8899 /* util */ = {
			isa = PBXGroup;
			children = (
				B4754ED72A381E0C00FB26C0 /* Theme.swift */,
				B44F47BE2A55143E008C8899 /* Time.swift */,
				B49946E52A99A7A0006783E6 /* Proxy.swift */,
			);
			path = util;
			sourceTree = "<group>";
		};
		B46938732A522CC800143C96 /* nutqdarwin */ = {
			isa = PBXGroup;
			children = (
				B4D693BD2A36CC9400E94D23 /* views */,
				B434A5E02A23D91B001D81E8 /* Nutq.swift */,
				B434A5E22A23D91B001D81E8 /* NutqContentView.swift */,
				B4754EDF2A3A3A1A00FB26C0 /* Info.plist */,
				B434A5E42A23D91D001D81E8 /* Assets.xcassets */,
				B434A5E92A23D91D001D81E8 /* nutqdarwin.entitlements */,
				B434A5E62A23D91D001D81E8 /* Preview Content */,
			);
			path = nutqdarwin;
			sourceTree = "<group>";
		};
		B4D693BD2A36CC9400E94D23 /* views */ = {
			isa = PBXGroup;
			children = (
				B4754ECF2A38097800FB26C0 /* Sidebar.swift */,
				B4754ED22A380D1C00FB26C0 /* Union.swift */,
				B4754ED52A380DC500FB26C0 /* Scheme.swift */,
				B4754EDB2A38F14C00FB26C0 /* Upcoming.swift */,
				B4754EE02A3A47D800FB26C0 /* CalendarView.swift */,
				B4754EDD2A38F38000FB26C0 /* Tree.swift */,
				B49946E22A998F30006783E6 /* Auth.swift */,
				B47F3ED52A9BCEFB00D3CC09 /* TreeView.swift */,
			);
			path = views;
			sourceTree = "<group>";
		};
		B4D693BE2A37FFAA00E94D23 /* state */ = {
			isa = PBXGroup;
			children = (
				B4754ECD2A38019000FB26C0 /* EnvState.swift */,
				B4754EE22A3E3C3800FB26C0 /* SchemeUtil.swift */,
			);
			path = state;
			sourceTree = "<group>";
		};
/* End PBXGroup section */

/* Begin PBXNativeTarget section */
		B434A5DC2A23D91B001D81E8 /* nutqdarwin (macOS) */ = {
			isa = PBXNativeTarget;
			buildConfigurationList = B434A5EC2A23D91D001D81E8 /* Build configuration list for PBXNativeTarget "nutqdarwin (macOS)" */;
			buildPhases = (
				B434A5D92A23D91B001D81E8 /* Sources */,
				B434A5DA2A23D91B001D81E8 /* Frameworks */,
				B434A5DB2A23D91B001D81E8 /* Resources */,
				B4F87ED02A56560100A6753E /* Embed Foundation Extensions */,
			);
			buildRules = (
			);
			dependencies = (
				B4F87ECF2A56560100A6753E /* PBXTargetDependency */,
			);
			name = "nutqdarwin (macOS)";
			packageProductDependencies = (
				B4415EE62A57D22100725B22 /* GoogleSignIn */,
				B4415EE82A57D22100725B22 /* GoogleSignInSwift */,
				B4415EEB2A57D5A200725B22 /* GoogleAPIClientForRESTCore */,
				B4415F052A5922D000725B22 /* GTMSessionFetcher */,
				B4415F072A5922D000725B22 /* GTMSessionFetcherCore */,
				B4415F092A5922D000725B22 /* GTMSessionFetcherFull */,
				B4415F172A59255E00725B22 /* GoogleAPIClientForREST_Calendar */,
			);
			productName = nutqdarwin;
			productReference = B434A5DD2A23D91B001D81E8 /* Nut Q.app */;
			productType = "com.apple.product-type.application";
		};
		B44F479F2A55084E008C8899 /* nutqdarwin-widget (iOS) */ = {
			isa = PBXNativeTarget;
			buildConfigurationList = B44F47B62A550850008C8899 /* Build configuration list for PBXNativeTarget "nutqdarwin-widget (iOS)" */;
			buildPhases = (
				B44F479C2A55084E008C8899 /* Sources */,
				B44F479D2A55084E008C8899 /* Frameworks */,
				B44F479E2A55084E008C8899 /* Resources */,
			);
			buildRules = (
			);
			dependencies = (
			);
			name = "nutqdarwin-widget (iOS)";
			packageProductDependencies = (
				B4415EF02A59206700725B22 /* GoogleAPIClientForREST_Calendar */,
				B4415EF22A59206A00725B22 /* GoogleSignIn */,
				B4415F0B2A5922E500725B22 /* GTMSessionFetcher */,
				B4415F0D2A5922E500725B22 /* GTMSessionFetcherCore */,
				B4415F0F2A5922E500725B22 /* GTMSessionFetcherFull */,
			);
			productName = "nutqdarwin-widgetExtension";
			productReference = B44F47A02A55084E008C8899 /* Nut Q Widget.appex */;
			productType = "com.apple.product-type.app-extension";
		};
		B44F47C52A5536EC008C8899 /* nutqdarwin-widget (macOS) */ = {
			isa = PBXNativeTarget;
			buildConfigurationList = B44F47D62A5536ED008C8899 /* Build configuration list for PBXNativeTarget "nutqdarwin-widget (macOS)" */;
			buildPhases = (
				B44F47C22A5536EC008C8899 /* Sources */,
				B44F47C32A5536EC008C8899 /* Frameworks */,
				B44F47C42A5536EC008C8899 /* Resources */,
			);
			buildRules = (
			);
			dependencies = (
			);
			name = "nutqdarwin-widget (macOS)";
			packageProductDependencies = (
				B4415EFA2A59208800725B22 /* GoogleSignIn */,
				B4415EFC2A59208800725B22 /* GoogleAPIClientForREST_Calendar */,
				B4415F112A5922EF00725B22 /* GTMSessionFetcher */,
				B4415F132A5922EF00725B22 /* GTMSessionFetcherCore */,
				B4415F152A5922EF00725B22 /* GTMSessionFetcherFull */,
			);
			productName = "nutqdarwin-desktop-widgetExtension";
			productReference = B44F47C62A5536EC008C8899 /* Nut Q Widget.appex */;
			productType = "com.apple.product-type.app-extension";
		};
		B46D181C2A56546100D886ED /* nutqdarwin (iOS) */ = {
			isa = PBXNativeTarget;
			buildConfigurationList = B46D183D2A56546100D886ED /* Build configuration list for PBXNativeTarget "nutqdarwin (iOS)" */;
			buildPhases = (
				B46D18242A56546100D886ED /* Sources */,
				B46D18332A56546100D886ED /* Frameworks */,
				B46D18362A56546100D886ED /* Resources */,
				B4F87ECC2A5655F900A6753E /* Embed Foundation Extensions */,
			);
			buildRules = (
			);
			dependencies = (
				B4F87ECB2A5655F900A6753E /* PBXTargetDependency */,
			);
			name = "nutqdarwin (iOS)";
			packageProductDependencies = (
				B40EE1442A5E737100EE5BCD /* GoogleSignIn */,
				B40EE1462A5E737100EE5BCD /* GoogleSignInSwift */,
				B40EE1482A5E737100EE5BCD /* GoogleAPIClientForREST_Calendar */,
				B40EE14A2A5E737100EE5BCD /* GTMSessionFetcher */,
				B40EE14C2A5E737100EE5BCD /* GTMSessionFetcherCore */,
				B40EE14E2A5E737100EE5BCD /* GTMSessionFetcherFull */,
			);
			productName = nutqdarwin;
			productReference = B46D18402A56546100D886ED /* Nut Q.app */;
			productType = "com.apple.product-type.application";
		};
/* End PBXNativeTarget section */

/* Begin PBXProject section */
		B434A5D52A23D91B001D81E8 /* Project object */ = {
			isa = PBXProject;
			attributes = {
				BuildIndependentTargetsInParallel = 1;
				LastSwiftUpdateCheck = 1430;
				LastUpgradeCheck = 1500;
				TargetAttributes = {
					B434A5DC2A23D91B001D81E8 = {
						CreatedOnToolsVersion = 14.3;
					};
					B44F479F2A55084E008C8899 = {
						CreatedOnToolsVersion = 14.3.1;
					};
					B44F47C52A5536EC008C8899 = {
						CreatedOnToolsVersion = 14.3.1;
					};
				};
			};
			buildConfigurationList = B434A5D82A23D91B001D81E8 /* Build configuration list for PBXProject "nutqdarwin" */;
			compatibilityVersion = "Xcode 14.0";
			developmentRegion = en;
			hasScannedForEncodings = 0;
			knownRegions = (
				en,
				Base,
			);
			mainGroup = B434A5D42A23D91B001D81E8;
			packageReferences = (
				B4415EE52A57D22100725B22 /* XCRemoteSwiftPackageReference "GoogleSignIn-iOS" */,
				B4415EEA2A57D5A200725B22 /* XCRemoteSwiftPackageReference "google-api-objectivec-client-for-rest" */,
				B4415F042A5922D000725B22 /* XCRemoteSwiftPackageReference "gtm-session-fetcher" */,
			);
			productRefGroup = B434A5DE2A23D91B001D81E8 /* Products */;
			projectDirPath = "";
			projectRoot = "";
			targets = (
				B434A5DC2A23D91B001D81E8 /* nutqdarwin (macOS) */,
				B46D181C2A56546100D886ED /* nutqdarwin (iOS) */,
				B44F479F2A55084E008C8899 /* nutqdarwin-widget (iOS) */,
				B44F47C52A5536EC008C8899 /* nutqdarwin-widget (macOS) */,
			);
		};
/* End PBXProject section */

/* Begin PBXResourcesBuildPhase section */
		B434A5DB2A23D91B001D81E8 /* Resources */ = {
			isa = PBXResourcesBuildPhase;
			buildActionMask = 2147483647;
			files = (
				B434A5E82A23D91D001D81E8 /* Preview Assets.xcassets in Resources */,
				B434A5E52A23D91D001D81E8 /* Assets.xcassets in Resources */,
			);
			runOnlyForDeploymentPostprocessing = 0;
		};
		B44F479E2A55084E008C8899 /* Resources */ = {
			isa = PBXResourcesBuildPhase;
			buildActionMask = 2147483647;
			files = (
				B44F47AF2A550850008C8899 /* Assets.xcassets in Resources */,
			);
			runOnlyForDeploymentPostprocessing = 0;
		};
		B44F47C42A5536EC008C8899 /* Resources */ = {
			isa = PBXResourcesBuildPhase;
			buildActionMask = 2147483647;
			files = (
				B46D18192A5652D000D886ED /* Assets.xcassets in Resources */,
			);
			runOnlyForDeploymentPostprocessing = 0;
		};
		B46D18362A56546100D886ED /* Resources */ = {
			isa = PBXResourcesBuildPhase;
			buildActionMask = 2147483647;
			files = (
				B46D18372A56546100D886ED /* Preview Assets.xcassets in Resources */,
				B46D18392A56546100D886ED /* Assets.xcassets in Resources */,
			);
			runOnlyForDeploymentPostprocessing = 0;
		};
/* End PBXResourcesBuildPhase section */

/* Begin PBXSourcesBuildPhase section */
		B434A5D92A23D91B001D81E8 /* Sources */ = {
			isa = PBXSourcesBuildPhase;
			buildActionMask = 2147483647;
			files = (
				B4754ED62A380DC500FB26C0 /* Scheme.swift in Sources */,
				B44F47BF2A55143E008C8899 /* Time.swift in Sources */,
				B434A5E32A23D91B001D81E8 /* NutqContentView.swift in Sources */,
				B4754ECE2A38019000FB26C0 /* EnvState.swift in Sources */,
				B47F3ED62A9BCEFB00D3CC09 /* TreeView.swift in Sources */,
				B49946E62A99A7A0006783E6 /* Proxy.swift in Sources */,
				B4754ED32A380D1C00FB26C0 /* Union.swift in Sources */,
				B4754EDE2A38F38000FB26C0 /* Tree.swift in Sources */,
				B4754EDC2A38F14C00FB26C0 /* Upcoming.swift in Sources */,
				B4754ED02A38097800FB26C0 /* Sidebar.swift in Sources */,
				B44F47B22A550850008C8899 /* nutqdarwin_widget.intentdefinition in Sources */,
				B4754EE32A3E3C3800FB26C0 /* SchemeUtil.swift in Sources */,
				B434A5E12A23D91B001D81E8 /* Nutq.swift in Sources */,
				B49946E32A998F30006783E6 /* Auth.swift in Sources */,
				B4754ED82A381E0C00FB26C0 /* Theme.swift in Sources */,
				B4754EE12A3A47D800FB26C0 /* CalendarView.swift in Sources */,
			);
			runOnlyForDeploymentPostprocessing = 0;
		};
		B44F479C2A55084E008C8899 /* Sources */ = {
			isa = PBXSourcesBuildPhase;
			buildActionMask = 2147483647;
			files = (
				B49946E82A99A7A2006783E6 /* Proxy.swift in Sources */,
				B44F47A82A55084E008C8899 /* NutqWidgetBundle.swift in Sources */,
				B44F47C02A551447008C8899 /* Time.swift in Sources */,
				B44F47BC2A551048008C8899 /* SchemeUtil.swift in Sources */,
				B44F47BB2A551045008C8899 /* EnvState.swift in Sources */,
				B44F47AC2A55084E008C8899 /* UpcomingWidget.swift in Sources */,
				B44F47B12A550850008C8899 /* nutqdarwin_widget.intentdefinition in Sources */,
				B4A2F82C2A5675140073D472 /* Theme.swift in Sources */,
			);
			runOnlyForDeploymentPostprocessing = 0;
		};
		B44F47C22A5536EC008C8899 /* Sources */ = {
			isa = PBXSourcesBuildPhase;
			buildActionMask = 2147483647;
			files = (
				B49946E92A99A7A2006783E6 /* Proxy.swift in Sources */,
				B44F47DA2A565197008C8899 /* UpcomingWidget.swift in Sources */,
				B44F47DD2A5651AF008C8899 /* SchemeUtil.swift in Sources */,
				B44F47DC2A5651AF008C8899 /* Time.swift in Sources */,
				B44F47DB2A5651AF008C8899 /* EnvState.swift in Sources */,
				B46D181A2A5652D300D886ED /* nutqdarwin_widget.intentdefinition in Sources */,
				B46D181B2A5652D900D886ED /* NutqWidgetBundle.swift in Sources */,
				B4A2F82D2A5675140073D472 /* Theme.swift in Sources */,
			);
			runOnlyForDeploymentPostprocessing = 0;
		};
		B46D18242A56546100D886ED /* Sources */ = {
			isa = PBXSourcesBuildPhase;
			buildActionMask = 2147483647;
			files = (
				B46D18262A56546100D886ED /* Scheme.swift in Sources */,
				B46D18272A56546100D886ED /* Time.swift in Sources */,
				B46D18282A56546100D886ED /* NutqContentView.swift in Sources */,
				B46D18292A56546100D886ED /* EnvState.swift in Sources */,
				B47F3ED72A9BCEFB00D3CC09 /* TreeView.swift in Sources */,
				B49946E72A99A7A0006783E6 /* Proxy.swift in Sources */,
				B46D182A2A56546100D886ED /* Union.swift in Sources */,
				B46D182B2A56546100D886ED /* Tree.swift in Sources */,
				B46D182C2A56546100D886ED /* Upcoming.swift in Sources */,
				B46D182D2A56546100D886ED /* Sidebar.swift in Sources */,
				B46D182E2A56546100D886ED /* nutqdarwin_widget.intentdefinition in Sources */,
				B46D182F2A56546100D886ED /* SchemeUtil.swift in Sources */,
				B46D18302A56546100D886ED /* Nutq.swift in Sources */,
				B49946E42A998F30006783E6 /* Auth.swift in Sources */,
				B46D18312A56546100D886ED /* Theme.swift in Sources */,
				B46D18322A56546100D886ED /* CalendarView.swift in Sources */,
			);
			runOnlyForDeploymentPostprocessing = 0;
		};
/* End PBXSourcesBuildPhase section */

/* Begin PBXTargetDependency section */
		B4F87ECB2A5655F900A6753E /* PBXTargetDependency */ = {
			isa = PBXTargetDependency;
			target = B44F479F2A55084E008C8899 /* nutqdarwin-widget (iOS) */;
			targetProxy = B4F87ECA2A5655F900A6753E /* PBXContainerItemProxy */;
		};
		B4F87ECF2A56560100A6753E /* PBXTargetDependency */ = {
			isa = PBXTargetDependency;
			target = B44F47C52A5536EC008C8899 /* nutqdarwin-widget (macOS) */;
			targetProxy = B4F87ECE2A56560100A6753E /* PBXContainerItemProxy */;
		};
/* End PBXTargetDependency section */

/* Begin XCBuildConfiguration section */
		B434A5EA2A23D91D001D81E8 /* Debug */ = {
			isa = XCBuildConfiguration;
			buildSettings = {
				ALWAYS_SEARCH_USER_PATHS = NO;
				ASSETCATALOG_COMPILER_GENERATE_SWIFT_ASSET_SYMBOL_EXTENSIONS = YES;
				CLANG_ANALYZER_NONNULL = YES;
				CLANG_ANALYZER_NUMBER_OBJECT_CONVERSION = YES_AGGRESSIVE;
				CLANG_CXX_LANGUAGE_STANDARD = "gnu++20";
				CLANG_ENABLE_MODULES = YES;
				CLANG_ENABLE_OBJC_ARC = YES;
				CLANG_ENABLE_OBJC_WEAK = YES;
				CLANG_WARN_BLOCK_CAPTURE_AUTORELEASING = YES;
				CLANG_WARN_BOOL_CONVERSION = YES;
				CLANG_WARN_COMMA = YES;
				CLANG_WARN_CONSTANT_CONVERSION = YES;
				CLANG_WARN_DEPRECATED_OBJC_IMPLEMENTATIONS = YES;
				CLANG_WARN_DIRECT_OBJC_ISA_USAGE = YES_ERROR;
				CLANG_WARN_DOCUMENTATION_COMMENTS = YES;
				CLANG_WARN_EMPTY_BODY = YES;
				CLANG_WARN_ENUM_CONVERSION = YES;
				CLANG_WARN_INFINITE_RECURSION = YES;
				CLANG_WARN_INT_CONVERSION = YES;
				CLANG_WARN_NON_LITERAL_NULL_CONVERSION = YES;
				CLANG_WARN_OBJC_IMPLICIT_RETAIN_SELF = YES;
				CLANG_WARN_OBJC_LITERAL_CONVERSION = YES;
				CLANG_WARN_OBJC_ROOT_CLASS = YES_ERROR;
				CLANG_WARN_QUOTED_INCLUDE_IN_FRAMEWORK_HEADER = YES;
				CLANG_WARN_RANGE_LOOP_ANALYSIS = YES;
				CLANG_WARN_STRICT_PROTOTYPES = YES;
				CLANG_WARN_SUSPICIOUS_MOVE = YES;
				CLANG_WARN_UNGUARDED_AVAILABILITY = YES_AGGRESSIVE;
				CLANG_WARN_UNREACHABLE_CODE = YES;
				CLANG_WARN__DUPLICATE_METHOD_MATCH = YES;
				COPY_PHASE_STRIP = NO;
				DEAD_CODE_STRIPPING = YES;
				DEBUG_INFORMATION_FORMAT = dwarf;
				ENABLE_STRICT_OBJC_MSGSEND = YES;
				ENABLE_TESTABILITY = YES;
				ENABLE_USER_SCRIPT_SANDBOXING = YES;
				GCC_C_LANGUAGE_STANDARD = gnu11;
				GCC_DYNAMIC_NO_PIC = NO;
				GCC_NO_COMMON_BLOCKS = YES;
				GCC_OPTIMIZATION_LEVEL = 0;
				GCC_PREPROCESSOR_DEFINITIONS = (
					"DEBUG=1",
					"$(inherited)",
				);
				GCC_WARN_64_TO_32_BIT_CONVERSION = YES;
				GCC_WARN_ABOUT_RETURN_TYPE = YES_ERROR;
				GCC_WARN_UNDECLARED_SELECTOR = YES;
				GCC_WARN_UNINITIALIZED_AUTOS = YES_AGGRESSIVE;
				GCC_WARN_UNUSED_FUNCTION = YES;
				GCC_WARN_UNUSED_VARIABLE = YES;
				IPHONEOS_DEPLOYMENT_TARGET = 17.0;
				MACOSX_DEPLOYMENT_TARGET = 14.0;
				MTL_ENABLE_DEBUG_INFO = INCLUDE_SOURCE;
				MTL_FAST_MATH = YES;
				ONLY_ACTIVE_ARCH = YES;
				SDKROOT = macosx;
				SWIFT_ACTIVE_COMPILATION_CONDITIONS = DEBUG;
				SWIFT_OPTIMIZATION_LEVEL = "-Onone";
			};
			name = Debug;
		};
		B434A5EB2A23D91D001D81E8 /* Release */ = {
			isa = XCBuildConfiguration;
			buildSettings = {
				ALWAYS_SEARCH_USER_PATHS = NO;
				ASSETCATALOG_COMPILER_GENERATE_SWIFT_ASSET_SYMBOL_EXTENSIONS = YES;
				CLANG_ANALYZER_NONNULL = YES;
				CLANG_ANALYZER_NUMBER_OBJECT_CONVERSION = YES_AGGRESSIVE;
				CLANG_CXX_LANGUAGE_STANDARD = "gnu++20";
				CLANG_ENABLE_MODULES = YES;
				CLANG_ENABLE_OBJC_ARC = YES;
				CLANG_ENABLE_OBJC_WEAK = YES;
				CLANG_WARN_BLOCK_CAPTURE_AUTORELEASING = YES;
				CLANG_WARN_BOOL_CONVERSION = YES;
				CLANG_WARN_COMMA = YES;
				CLANG_WARN_CONSTANT_CONVERSION = YES;
				CLANG_WARN_DEPRECATED_OBJC_IMPLEMENTATIONS = YES;
				CLANG_WARN_DIRECT_OBJC_ISA_USAGE = YES_ERROR;
				CLANG_WARN_DOCUMENTATION_COMMENTS = YES;
				CLANG_WARN_EMPTY_BODY = YES;
				CLANG_WARN_ENUM_CONVERSION = YES;
				CLANG_WARN_INFINITE_RECURSION = YES;
				CLANG_WARN_INT_CONVERSION = YES;
				CLANG_WARN_NON_LITERAL_NULL_CONVERSION = YES;
				CLANG_WARN_OBJC_IMPLICIT_RETAIN_SELF = YES;
				CLANG_WARN_OBJC_LITERAL_CONVERSION = YES;
				CLANG_WARN_OBJC_ROOT_CLASS = YES_ERROR;
				CLANG_WARN_QUOTED_INCLUDE_IN_FRAMEWORK_HEADER = YES;
				CLANG_WARN_RANGE_LOOP_ANALYSIS = YES;
				CLANG_WARN_STRICT_PROTOTYPES = YES;
				CLANG_WARN_SUSPICIOUS_MOVE = YES;
				CLANG_WARN_UNGUARDED_AVAILABILITY = YES_AGGRESSIVE;
				CLANG_WARN_UNREACHABLE_CODE = YES;
				CLANG_WARN__DUPLICATE_METHOD_MATCH = YES;
				COPY_PHASE_STRIP = NO;
				DEAD_CODE_STRIPPING = YES;
				DEBUG_INFORMATION_FORMAT = "dwarf-with-dsym";
				ENABLE_NS_ASSERTIONS = NO;
				ENABLE_STRICT_OBJC_MSGSEND = YES;
				ENABLE_USER_SCRIPT_SANDBOXING = YES;
				GCC_C_LANGUAGE_STANDARD = gnu11;
				GCC_NO_COMMON_BLOCKS = YES;
				GCC_WARN_64_TO_32_BIT_CONVERSION = YES;
				GCC_WARN_ABOUT_RETURN_TYPE = YES_ERROR;
				GCC_WARN_UNDECLARED_SELECTOR = YES;
				GCC_WARN_UNINITIALIZED_AUTOS = YES_AGGRESSIVE;
				GCC_WARN_UNUSED_FUNCTION = YES;
				GCC_WARN_UNUSED_VARIABLE = YES;
				IPHONEOS_DEPLOYMENT_TARGET = 17.0;
				MACOSX_DEPLOYMENT_TARGET = 14.0;
				MTL_ENABLE_DEBUG_INFO = NO;
				MTL_FAST_MATH = YES;
				SDKROOT = macosx;
				SWIFT_COMPILATION_MODE = wholemodule;
				SWIFT_OPTIMIZATION_LEVEL = "-O";
			};
			name = Release;
		};
		B434A5ED2A23D91D001D81E8 /* Debug */ = {
			isa = XCBuildConfiguration;
			buildSettings = {
				ASSETCATALOG_COMPILER_APPICON_NAME = AppIcon;
				ASSETCATALOG_COMPILER_GLOBAL_ACCENT_COLOR_NAME = AccentColor;
				CODE_SIGN_ENTITLEMENTS = nutqdarwin/nutqdarwin.entitlements;
				CODE_SIGN_STYLE = Automatic;
				COMBINE_HIDPI_IMAGES = YES;
				CURRENT_PROJECT_VERSION = 1;
				DEAD_CODE_STRIPPING = YES;
				DEVELOPMENT_ASSET_PATHS = "\"nutqdarwin/Preview Content\"";
				DEVELOPMENT_TEAM = T35KD9JHQ6;
				ENABLE_HARDENED_RUNTIME = YES;
				ENABLE_PREVIEWS = YES;
				GENERATE_INFOPLIST_FILE = YES;
				INFOPLIST_FILE = nutqdarwin/Info.plist;
				INFOPLIST_KEY_CFBundleDisplayName = "Nut Q";
				INFOPLIST_KEY_LSApplicationCategoryType = "public.app-category.productivity";
				INFOPLIST_KEY_NSHumanReadableCopyright = "";
				IPHONEOS_DEPLOYMENT_TARGET = 16.0;
				LD_RUNPATH_SEARCH_PATHS = (
					"$(inherited)",
					"@executable_path/../Frameworks",
				);
				MACOSX_DEPLOYMENT_TARGET = 14.0;
				MARKETING_VERSION = 1.0;
				PRODUCT_BUNDLE_IDENTIFIER = com.enigmadux.nutqdarwin;
				PRODUCT_NAME = "Nut Q";
				SUPPORTED_PLATFORMS = macosx;
				SUPPORTS_MACCATALYST = NO;
				SUPPORTS_MAC_DESIGNED_FOR_IPHONE_IPAD = NO;
				SWIFT_EMIT_LOC_STRINGS = YES;
				SWIFT_VERSION = 5.0;
			};
			name = Debug;
		};
		B434A5EE2A23D91D001D81E8 /* Release */ = {
			isa = XCBuildConfiguration;
			buildSettings = {
				ASSETCATALOG_COMPILER_APPICON_NAME = AppIcon;
				ASSETCATALOG_COMPILER_GLOBAL_ACCENT_COLOR_NAME = AccentColor;
				CODE_SIGN_ENTITLEMENTS = nutqdarwin/nutqdarwin.entitlements;
				CODE_SIGN_STYLE = Automatic;
				COMBINE_HIDPI_IMAGES = YES;
				CURRENT_PROJECT_VERSION = 1;
				DEAD_CODE_STRIPPING = YES;
				DEVELOPMENT_ASSET_PATHS = "\"nutqdarwin/Preview Content\"";
				DEVELOPMENT_TEAM = T35KD9JHQ6;
				ENABLE_HARDENED_RUNTIME = YES;
				ENABLE_PREVIEWS = YES;
				GENERATE_INFOPLIST_FILE = YES;
				INFOPLIST_FILE = nutqdarwin/Info.plist;
				INFOPLIST_KEY_CFBundleDisplayName = "Nut Q";
				INFOPLIST_KEY_LSApplicationCategoryType = "public.app-category.productivity";
				INFOPLIST_KEY_NSHumanReadableCopyright = "";
				IPHONEOS_DEPLOYMENT_TARGET = 16.0;
				LD_RUNPATH_SEARCH_PATHS = (
					"$(inherited)",
					"@executable_path/../Frameworks",
				);
				MACOSX_DEPLOYMENT_TARGET = 14.0;
				MARKETING_VERSION = 1.0;
				PRODUCT_BUNDLE_IDENTIFIER = com.enigmadux.nutqdarwin;
				PRODUCT_NAME = "Nut Q";
				SUPPORTED_PLATFORMS = macosx;
				SUPPORTS_MACCATALYST = NO;
				SUPPORTS_MAC_DESIGNED_FOR_IPHONE_IPAD = NO;
				SWIFT_EMIT_LOC_STRINGS = YES;
				SWIFT_VERSION = 5.0;
			};
			name = Release;
		};
		B44F47B72A550850008C8899 /* Debug */ = {
			isa = XCBuildConfiguration;
			buildSettings = {
				ASSETCATALOG_COMPILER_GLOBAL_ACCENT_COLOR_NAME = AccentColor;
				ASSETCATALOG_COMPILER_WIDGET_BACKGROUND_COLOR_NAME = WidgetBackground;
				CODE_SIGN_ENTITLEMENTS = "nutqdarwin-widget/nutqdarwin-widgetExtension.entitlements";
				CODE_SIGN_STYLE = Automatic;
				CURRENT_PROJECT_VERSION = 1;
				DEVELOPMENT_TEAM = T35KD9JHQ6;
				GENERATE_INFOPLIST_FILE = YES;
				INFOPLIST_FILE = "nutqdarwin-widget/Info.plist";
				INFOPLIST_KEY_CFBundleDisplayName = "Nut Q";
				INFOPLIST_KEY_NSHumanReadableCopyright = "";
				IPHONEOS_DEPLOYMENT_TARGET = 17.0;
				LD_RUNPATH_SEARCH_PATHS = (
					"$(inherited)",
					"@executable_path/Frameworks",
					"@executable_path/../../Frameworks",
				);
				MARKETING_VERSION = 1.0;
				PRODUCT_BUNDLE_IDENTIFIER = com.enigmadux.nutqdarwin.widget;
				PRODUCT_NAME = "Nut Q Widget";
				SDKROOT = iphoneos;
				SKIP_INSTALL = YES;
				SUPPORTS_MACCATALYST = NO;
				SWIFT_EMIT_LOC_STRINGS = YES;
				SWIFT_VERSION = 5.0;
				TARGETED_DEVICE_FAMILY = "1,2";
			};
			name = Debug;
		};
		B44F47B82A550850008C8899 /* Release */ = {
			isa = XCBuildConfiguration;
			buildSettings = {
				ASSETCATALOG_COMPILER_GLOBAL_ACCENT_COLOR_NAME = AccentColor;
				ASSETCATALOG_COMPILER_WIDGET_BACKGROUND_COLOR_NAME = WidgetBackground;
				CODE_SIGN_ENTITLEMENTS = "nutqdarwin-widget/nutqdarwin-widgetExtension.entitlements";
				CODE_SIGN_STYLE = Automatic;
				CURRENT_PROJECT_VERSION = 1;
				DEVELOPMENT_TEAM = T35KD9JHQ6;
				GENERATE_INFOPLIST_FILE = YES;
				INFOPLIST_FILE = "nutqdarwin-widget/Info.plist";
				INFOPLIST_KEY_CFBundleDisplayName = "Nut Q";
				INFOPLIST_KEY_NSHumanReadableCopyright = "";
				IPHONEOS_DEPLOYMENT_TARGET = 17.0;
				LD_RUNPATH_SEARCH_PATHS = (
					"$(inherited)",
					"@executable_path/Frameworks",
					"@executable_path/../../Frameworks",
				);
				MARKETING_VERSION = 1.0;
				PRODUCT_BUNDLE_IDENTIFIER = com.enigmadux.nutqdarwin.widget;
				PRODUCT_NAME = "Nut Q Widget";
				SDKROOT = iphoneos;
				SKIP_INSTALL = YES;
				SUPPORTS_MACCATALYST = NO;
				SWIFT_EMIT_LOC_STRINGS = YES;
				SWIFT_VERSION = 5.0;
				TARGETED_DEVICE_FAMILY = "1,2";
				VALIDATE_PRODUCT = YES;
			};
			name = Release;
		};
		B44F47D72A5536ED008C8899 /* Debug */ = {
			isa = XCBuildConfiguration;
			buildSettings = {
				ASSETCATALOG_COMPILER_GLOBAL_ACCENT_COLOR_NAME = AccentColor;
				ASSETCATALOG_COMPILER_WIDGET_BACKGROUND_COLOR_NAME = WidgetBackground;
				CODE_SIGN_ENTITLEMENTS = "nutqdarwin-widget/nutqdarwin-widgetExtension.entitlements";
				CODE_SIGN_STYLE = Automatic;
				CURRENT_PROJECT_VERSION = 1;
				DEAD_CODE_STRIPPING = YES;
				DEVELOPMENT_TEAM = T35KD9JHQ6;
				ENABLE_HARDENED_RUNTIME = YES;
				GENERATE_INFOPLIST_FILE = YES;
				INFOPLIST_FILE = "nutqdarwin-widget/Info.plist";
				INFOPLIST_KEY_CFBundleDisplayName = "Nut Q";
				INFOPLIST_KEY_NSHumanReadableCopyright = "";
				LD_RUNPATH_SEARCH_PATHS = (
					"$(inherited)",
					"@executable_path/../Frameworks",
					"@executable_path/../../../../Frameworks",
				);
				MACOSX_DEPLOYMENT_TARGET = 14.0;
				MARKETING_VERSION = 1.0;
				PRODUCT_BUNDLE_IDENTIFIER = com.enigmadux.nutqdarwin.widget;
				PRODUCT_NAME = "Nut Q Widget";
				SKIP_INSTALL = YES;
				SWIFT_EMIT_LOC_STRINGS = YES;
				SWIFT_VERSION = 5.0;
			};
			name = Debug;
		};
		B44F47D82A5536ED008C8899 /* Release */ = {
			isa = XCBuildConfiguration;
			buildSettings = {
				ASSETCATALOG_COMPILER_GLOBAL_ACCENT_COLOR_NAME = AccentColor;
				ASSETCATALOG_COMPILER_WIDGET_BACKGROUND_COLOR_NAME = WidgetBackground;
				CODE_SIGN_ENTITLEMENTS = "nutqdarwin-widget/nutqdarwin-widgetExtension.entitlements";
				CODE_SIGN_STYLE = Automatic;
				CURRENT_PROJECT_VERSION = 1;
				DEAD_CODE_STRIPPING = YES;
				DEVELOPMENT_TEAM = T35KD9JHQ6;
				ENABLE_HARDENED_RUNTIME = YES;
				GENERATE_INFOPLIST_FILE = YES;
				INFOPLIST_FILE = "nutqdarwin-widget/Info.plist";
				INFOPLIST_KEY_CFBundleDisplayName = "Nut Q";
				INFOPLIST_KEY_NSHumanReadableCopyright = "";
				LD_RUNPATH_SEARCH_PATHS = (
					"$(inherited)",
					"@executable_path/../Frameworks",
					"@executable_path/../../../../Frameworks",
				);
				MACOSX_DEPLOYMENT_TARGET = 14.0;
				MARKETING_VERSION = 1.0;
				PRODUCT_BUNDLE_IDENTIFIER = com.enigmadux.nutqdarwin.widget;
				PRODUCT_NAME = "Nut Q Widget";
				SKIP_INSTALL = YES;
				SWIFT_EMIT_LOC_STRINGS = YES;
				SWIFT_VERSION = 5.0;
			};
			name = Release;
		};
		B46D183E2A56546100D886ED /* Debug */ = {
			isa = XCBuildConfiguration;
			buildSettings = {
				ASSETCATALOG_COMPILER_APPICON_NAME = AppIcon;
				ASSETCATALOG_COMPILER_GLOBAL_ACCENT_COLOR_NAME = AccentColor;
				CODE_SIGN_ENTITLEMENTS = nutqdarwin/nutqdarwin.entitlements;
				CODE_SIGN_STYLE = Automatic;
				COMBINE_HIDPI_IMAGES = YES;
				CURRENT_PROJECT_VERSION = 1;
				DEAD_CODE_STRIPPING = YES;
				DEVELOPMENT_ASSET_PATHS = "\"nutqdarwin/Preview Content\"";
				DEVELOPMENT_TEAM = T35KD9JHQ6;
				ENABLE_HARDENED_RUNTIME = YES;
				ENABLE_PREVIEWS = YES;
				GENERATE_INFOPLIST_FILE = YES;
				INFOPLIST_FILE = nutqdarwin/Info.plist;
				INFOPLIST_KEY_CFBundleDisplayName = "Nut Q";
				INFOPLIST_KEY_LSApplicationCategoryType = "public.app-category.productivity";
				INFOPLIST_KEY_NSHumanReadableCopyright = "";
				INFOPLIST_KEY_UIRequiresFullScreen = YES;
				IPHONEOS_DEPLOYMENT_TARGET = 17.0;
				LD_RUNPATH_SEARCH_PATHS = (
					"$(inherited)",
					"@executable_path/../Frameworks",
				);
				MACOSX_DEPLOYMENT_TARGET = 13.0;
				MARKETING_VERSION = 1.0;
				PRODUCT_BUNDLE_IDENTIFIER = com.enigmadux.nutqdarwin;
				PRODUCT_NAME = "Nut Q";
				SUPPORTED_PLATFORMS = "iphoneos iphonesimulator";
				SUPPORTS_MACCATALYST = NO;
				SUPPORTS_MAC_DESIGNED_FOR_IPHONE_IPAD = NO;
				SWIFT_EMIT_LOC_STRINGS = YES;
				SWIFT_VERSION = 5.0;
				TARGETED_DEVICE_FAMILY = "1,2";
			};
			name = Debug;
		};
		B46D183F2A56546100D886ED /* Release */ = {
			isa = XCBuildConfiguration;
			buildSettings = {
				ASSETCATALOG_COMPILER_APPICON_NAME = AppIcon;
				ASSETCATALOG_COMPILER_GLOBAL_ACCENT_COLOR_NAME = AccentColor;
				CODE_SIGN_ENTITLEMENTS = nutqdarwin/nutqdarwin.entitlements;
				CODE_SIGN_STYLE = Automatic;
				COMBINE_HIDPI_IMAGES = YES;
				CURRENT_PROJECT_VERSION = 1;
				DEAD_CODE_STRIPPING = YES;
				DEVELOPMENT_ASSET_PATHS = "\"nutqdarwin/Preview Content\"";
				DEVELOPMENT_TEAM = T35KD9JHQ6;
				ENABLE_HARDENED_RUNTIME = YES;
				ENABLE_PREVIEWS = YES;
				GENERATE_INFOPLIST_FILE = YES;
				INFOPLIST_FILE = nutqdarwin/Info.plist;
				INFOPLIST_KEY_CFBundleDisplayName = "Nut Q";
				INFOPLIST_KEY_LSApplicationCategoryType = "public.app-category.productivity";
				INFOPLIST_KEY_NSHumanReadableCopyright = "";
				INFOPLIST_KEY_UIRequiresFullScreen = YES;
				IPHONEOS_DEPLOYMENT_TARGET = 17.0;
				LD_RUNPATH_SEARCH_PATHS = (
					"$(inherited)",
					"@executable_path/../Frameworks",
				);
				MACOSX_DEPLOYMENT_TARGET = 13.0;
				MARKETING_VERSION = 1.0;
				PRODUCT_BUNDLE_IDENTIFIER = com.enigmadux.nutqdarwin;
				PRODUCT_NAME = "Nut Q";
				SUPPORTED_PLATFORMS = "iphoneos iphonesimulator";
				SUPPORTS_MACCATALYST = NO;
				SUPPORTS_MAC_DESIGNED_FOR_IPHONE_IPAD = NO;
				SWIFT_EMIT_LOC_STRINGS = YES;
				SWIFT_VERSION = 5.0;
				TARGETED_DEVICE_FAMILY = "1,2";
			};
			name = Release;
		};
/* End XCBuildConfiguration section */

/* Begin XCConfigurationList section */
		B434A5D82A23D91B001D81E8 /* Build configuration list for PBXProject "nutqdarwin" */ = {
			isa = XCConfigurationList;
			buildConfigurations = (
				B434A5EA2A23D91D001D81E8 /* Debug */,
				B434A5EB2A23D91D001D81E8 /* Release */,
			);
			defaultConfigurationIsVisible = 0;
			defaultConfigurationName = Release;
		};
		B434A5EC2A23D91D001D81E8 /* Build configuration list for PBXNativeTarget "nutqdarwin (macOS)" */ = {
			isa = XCConfigurationList;
			buildConfigurations = (
				B434A5ED2A23D91D001D81E8 /* Debug */,
				B434A5EE2A23D91D001D81E8 /* Release */,
			);
			defaultConfigurationIsVisible = 0;
			defaultConfigurationName = Release;
		};
		B44F47B62A550850008C8899 /* Build configuration list for PBXNativeTarget "nutqdarwin-widget (iOS)" */ = {
			isa = XCConfigurationList;
			buildConfigurations = (
				B44F47B72A550850008C8899 /* Debug */,
				B44F47B82A550850008C8899 /* Release */,
			);
			defaultConfigurationIsVisible = 0;
			defaultConfigurationName = Release;
		};
		B44F47D62A5536ED008C8899 /* Build configuration list for PBXNativeTarget "nutqdarwin-widget (macOS)" */ = {
			isa = XCConfigurationList;
			buildConfigurations = (
				B44F47D72A5536ED008C8899 /* Debug */,
				B44F47D82A5536ED008C8899 /* Release */,
			);
			defaultConfigurationIsVisible = 0;
			defaultConfigurationName = Release;
		};
		B46D183D2A56546100D886ED /* Build configuration list for PBXNativeTarget "nutqdarwin (iOS)" */ = {
			isa = XCConfigurationList;
			buildConfigurations = (
				B46D183E2A56546100D886ED /* Debug */,
				B46D183F2A56546100D886ED /* Release */,
			);
			defaultConfigurationIsVisible = 0;
			defaultConfigurationName = Release;
		};
/* End XCConfigurationList section */

/* Begin XCRemoteSwiftPackageReference section */
		B4415EE52A57D22100725B22 /* XCRemoteSwiftPackageReference "GoogleSignIn-iOS" */ = {
			isa = XCRemoteSwiftPackageReference;
			repositoryURL = "https://github.com/google/GoogleSignIn-iOS";
			requirement = {
				kind = upToNextMajorVersion;
				minimumVersion = 7.0.0;
			};
		};
		B4415EEA2A57D5A200725B22 /* XCRemoteSwiftPackageReference "google-api-objectivec-client-for-rest" */ = {
			isa = XCRemoteSwiftPackageReference;
			repositoryURL = "https://github.com/google/google-api-objectivec-client-for-rest";
			requirement = {
				branch = main;
				kind = branch;
			};
		};
		B4415F042A5922D000725B22 /* XCRemoteSwiftPackageReference "gtm-session-fetcher" */ = {
			isa = XCRemoteSwiftPackageReference;
			repositoryURL = "https://github.com/google/gtm-session-fetcher";
			requirement = {
				branch = main;
				kind = branch;
			};
		};
/* End XCRemoteSwiftPackageReference section */

/* Begin XCSwiftPackageProductDependency section */
		B40EE1442A5E737100EE5BCD /* GoogleSignIn */ = {
			isa = XCSwiftPackageProductDependency;
			package = B4415EE52A57D22100725B22 /* XCRemoteSwiftPackageReference "GoogleSignIn-iOS" */;
			productName = GoogleSignIn;
		};
		B40EE1462A5E737100EE5BCD /* GoogleSignInSwift */ = {
			isa = XCSwiftPackageProductDependency;
			package = B4415EE52A57D22100725B22 /* XCRemoteSwiftPackageReference "GoogleSignIn-iOS" */;
			productName = GoogleSignInSwift;
		};
		B40EE1482A5E737100EE5BCD /* GoogleAPIClientForREST_Calendar */ = {
			isa = XCSwiftPackageProductDependency;
			package = B4415EEA2A57D5A200725B22 /* XCRemoteSwiftPackageReference "google-api-objectivec-client-for-rest" */;
			productName = GoogleAPIClientForREST_Calendar;
		};
		B40EE14A2A5E737100EE5BCD /* GTMSessionFetcher */ = {
			isa = XCSwiftPackageProductDependency;
			package = B4415F042A5922D000725B22 /* XCRemoteSwiftPackageReference "gtm-session-fetcher" */;
			productName = GTMSessionFetcher;
		};
		B40EE14C2A5E737100EE5BCD /* GTMSessionFetcherCore */ = {
			isa = XCSwiftPackageProductDependency;
			package = B4415F042A5922D000725B22 /* XCRemoteSwiftPackageReference "gtm-session-fetcher" */;
			productName = GTMSessionFetcherCore;
		};
		B40EE14E2A5E737100EE5BCD /* GTMSessionFetcherFull */ = {
			isa = XCSwiftPackageProductDependency;
			package = B4415F042A5922D000725B22 /* XCRemoteSwiftPackageReference "gtm-session-fetcher" */;
			productName = GTMSessionFetcherFull;
		};
		B4415EE62A57D22100725B22 /* GoogleSignIn */ = {
			isa = XCSwiftPackageProductDependency;
			package = B4415EE52A57D22100725B22 /* XCRemoteSwiftPackageReference "GoogleSignIn-iOS" */;
			productName = GoogleSignIn;
		};
		B4415EE82A57D22100725B22 /* GoogleSignInSwift */ = {
			isa = XCSwiftPackageProductDependency;
			package = B4415EE52A57D22100725B22 /* XCRemoteSwiftPackageReference "GoogleSignIn-iOS" */;
			productName = GoogleSignInSwift;
		};
		B4415EEB2A57D5A200725B22 /* GoogleAPIClientForRESTCore */ = {
			isa = XCSwiftPackageProductDependency;
			package = B4415EEA2A57D5A200725B22 /* XCRemoteSwiftPackageReference "google-api-objectivec-client-for-rest" */;
			productName = GoogleAPIClientForRESTCore;
		};
		B4415EF02A59206700725B22 /* GoogleAPIClientForREST_Calendar */ = {
			isa = XCSwiftPackageProductDependency;
			package = B4415EEA2A57D5A200725B22 /* XCRemoteSwiftPackageReference "google-api-objectivec-client-for-rest" */;
			productName = GoogleAPIClientForREST_Calendar;
		};
		B4415EF22A59206A00725B22 /* GoogleSignIn */ = {
			isa = XCSwiftPackageProductDependency;
			package = B4415EE52A57D22100725B22 /* XCRemoteSwiftPackageReference "GoogleSignIn-iOS" */;
			productName = GoogleSignIn;
		};
		B4415EFA2A59208800725B22 /* GoogleSignIn */ = {
			isa = XCSwiftPackageProductDependency;
			package = B4415EE52A57D22100725B22 /* XCRemoteSwiftPackageReference "GoogleSignIn-iOS" */;
			productName = GoogleSignIn;
		};
		B4415EFC2A59208800725B22 /* GoogleAPIClientForREST_Calendar */ = {
			isa = XCSwiftPackageProductDependency;
			package = B4415EEA2A57D5A200725B22 /* XCRemoteSwiftPackageReference "google-api-objectivec-client-for-rest" */;
			productName = GoogleAPIClientForREST_Calendar;
		};
		B4415F052A5922D000725B22 /* GTMSessionFetcher */ = {
			isa = XCSwiftPackageProductDependency;
			package = B4415F042A5922D000725B22 /* XCRemoteSwiftPackageReference "gtm-session-fetcher" */;
			productName = GTMSessionFetcher;
		};
		B4415F072A5922D000725B22 /* GTMSessionFetcherCore */ = {
			isa = XCSwiftPackageProductDependency;
			package = B4415F042A5922D000725B22 /* XCRemoteSwiftPackageReference "gtm-session-fetcher" */;
			productName = GTMSessionFetcherCore;
		};
		B4415F092A5922D000725B22 /* GTMSessionFetcherFull */ = {
			isa = XCSwiftPackageProductDependency;
			package = B4415F042A5922D000725B22 /* XCRemoteSwiftPackageReference "gtm-session-fetcher" */;
			productName = GTMSessionFetcherFull;
		};
		B4415F0B2A5922E500725B22 /* GTMSessionFetcher */ = {
			isa = XCSwiftPackageProductDependency;
			package = B4415F042A5922D000725B22 /* XCRemoteSwiftPackageReference "gtm-session-fetcher" */;
			productName = GTMSessionFetcher;
		};
		B4415F0D2A5922E500725B22 /* GTMSessionFetcherCore */ = {
			isa = XCSwiftPackageProductDependency;
			package = B4415F042A5922D000725B22 /* XCRemoteSwiftPackageReference "gtm-session-fetcher" */;
			productName = GTMSessionFetcherCore;
		};
		B4415F0F2A5922E500725B22 /* GTMSessionFetcherFull */ = {
			isa = XCSwiftPackageProductDependency;
			package = B4415F042A5922D000725B22 /* XCRemoteSwiftPackageReference "gtm-session-fetcher" */;
			productName = GTMSessionFetcherFull;
		};
		B4415F112A5922EF00725B22 /* GTMSessionFetcher */ = {
			isa = XCSwiftPackageProductDependency;
			package = B4415F042A5922D000725B22 /* XCRemoteSwiftPackageReference "gtm-session-fetcher" */;
			productName = GTMSessionFetcher;
		};
		B4415F132A5922EF00725B22 /* GTMSessionFetcherCore */ = {
			isa = XCSwiftPackageProductDependency;
			package = B4415F042A5922D000725B22 /* XCRemoteSwiftPackageReference "gtm-session-fetcher" */;
			productName = GTMSessionFetcherCore;
		};
		B4415F152A5922EF00725B22 /* GTMSessionFetcherFull */ = {
			isa = XCSwiftPackageProductDependency;
			package = B4415F042A5922D000725B22 /* XCRemoteSwiftPackageReference "gtm-session-fetcher" */;
			productName = GTMSessionFetcherFull;
		};
		B4415F172A59255E00725B22 /* GoogleAPIClientForREST_Calendar */ = {
			isa = XCSwiftPackageProductDependency;
			package = B4415EEA2A57D5A200725B22 /* XCRemoteSwiftPackageReference "google-api-objectivec-client-for-rest" */;
			productName = GoogleAPIClientForREST_Calendar;
		};
/* End XCSwiftPackageProductDependency section */
	};
	rootObject = B434A5D52A23D91B001D81E8 /* Project object */;
}
